
Microsoft Visual Studio Solution File, Format Version 12.00
# Visual Studio Version 16
VisualStudioVersion = 16.0.30523.141
MinimumVisualStudioVersion = 10.0.40219.1
Project("{FAE04EC0-301F-11D3-BF4B-00C04F79EFBC}") = "Fenesan_Razvan_Lab10.Android", "Fenesan_Razvan_Lab10.Android\Fenesan_Razvan_Lab10.Android.csproj", "{E4260A2F-4122-4FA5-9B4E-F67B1C69A260}"
EndProject
Project("{FAE04EC0-301F-11D3-BF4B-00C04F79EFBC}") = "Fenesan_Razvan_Lab10.iOS", "Fenesan_Razvan_Lab10.iOS\Fenesan_Razvan_Lab10.iOS.csproj", "{309851B1-466A-4479-97AA-A55BD492C13C}"
EndProject
Project("{FAE04EC0-301F-11D3-BF4B-00C04F79EFBC}") = "Fenesan_Razvan_Lab10", "Fenesan_Razvan_Lab10\Fenesan_Razvan_Lab10.csproj", "{D903A635-DA9E-415B-A5E5-E3D396E7B6B8}"
EndProject
Global
	GlobalSection(SolutionConfigurationPlatforms) = preSolution
		Debug|Any CPU = Debug|Any CPU
		Debug|iPhone = Debug|iPhone
		Debug|iPhoneSimulator = Debug|iPhoneSimulator
		Release|Any CPU = Release|Any CPU
		Release|iPhone = Release|iPhone
		Release|iPhoneSimulator = Release|iPhoneSimulator
	EndGlobalSection
	GlobalSection(ProjectConfigurationPlatforms) = postSolution
		{E4260A2F-4122-4FA5-9B4E-F67B1C69A260}.Debug|Any CPU.ActiveCfg = Debug|Any CPU
		{E4260A2F-4122-4FA5-9B4E-F67B1C69A260}.Debug|Any CPU.Build.0 = Debug|Any CPU
		{E4260A2F-4122-4FA5-9B4E-F67B1C69A260}.Debug|Any CPU.Deploy.0 = Debug|Any CPU
		{E4260A2F-4122-4FA5-9B4E-F67B1C69A260}.Debug|iPhone.ActiveCfg = Debug|Any CPU
		{E4260A2F-4122-4FA5-9B4E-F67B1C69A260}.Debug|iPhone.Build.0 = Debug|Any CPU
		{E4260A2F-4122-4FA5-9B4E-F67B1C69A260}.Debug|iPhone.Deploy.0 = Debug|Any CPU
		{E4260A2F-4122-4FA5-9B4E-F67B1C69A260}.Debug|iPhoneSimulator.ActiveCfg = Debug|Any CPU
		{E4260A2F-4122-4FA5-9B4E-F67B1C69A260}.Debug|iPhoneSimulator.Build.0 = Debug|Any CPU
		{E4260A2F-4122-4FA5-9B4E-F67B1C69A260}.Debug|iPhoneSimulator.Deploy.0 = Debug|Any CPU
		{E4260A2F-4122-4FA5-9B4E-F67B1C69A260}.Release|Any CPU.ActiveCfg = Release|Any CPU
		{E4260A2F-4122-4FA5-9B4E-F67B1C69A260}.Release|Any CPU.Build.0 = Release|Any CPU
		{E4260A2F-4122-4FA5-9B4E-F67B1C69A260}.Release|Any CPU.Deploy.0 = Release|Any CPU
		{E4260A2F-4122-4FA5-9B4E-F67B1C69A260}.Release|iPhone.ActiveCfg = Release|Any CPU
		{E4260A2F-4122-4FA5-9B4E-F67B1C69A260}.Release|iPhone.Build.0 = Release|Any CPU
		{E4260A2F-4122-4FA5-9B4E-F67B1C69A260}.Release|iPhone.Deploy.0 = Release|Any CPU
		{E4260A2F-4122-4FA5-9B4E-F67B1C69A260}.Release|iPhoneSimulator.ActiveCfg = Release|Any CPU
		{E4260A2F-4122-4FA5-9B4E-F67B1C69A260}.Release|iPhoneSimulator.Build.0 = Release|Any CPU
		{E4260A2F-4122-4FA5-9B4E-F67B1C69A260}.Release|iPhoneSimulator.Deploy.0 = Release|Any CPU
		{309851B1-466A-4479-97AA-A55BD492C13C}.Debug|Any CPU.ActiveCfg = Debug|iPhone
		{309851B1-466A-4479-97AA-A55BD492C13C}.Debug|Any CPU.Build.0 = Debug|iPhone
		{309851B1-466A-4479-97AA-A55BD492C13C}.Debug|Any CPU.Deploy.0 = Debug|iPhone
		{309851B1-466A-4479-97AA-A55BD492C13C}.Debug|iPhone.ActiveCfg = Debug|iPhone
		{309851B1-466A-4479-97AA-A55BD492C13C}.Debug|iPhone.Build.0 = Debug|iPhone
		{309851B1-466A-4479-97AA-A55BD492C13C}.Debug|iPhone.Deploy.0 = Debug|iPhone
		{309851B1-466A-4479-97AA-A55BD492C13C}.Debug|iPhoneSimulator.ActiveCfg = Debug|iPhoneSimulator
		{309851B1-466A-4479-97AA-A55BD492C13C}.Debug|iPhoneSimulator.Build.0 = Debug|iPhoneSimulator
		{309851B1-466A-4479-97AA-A55BD492C13C}.Debug|iPhoneSimulator.Deploy.0 = Debug|iPhoneSimulator
		{309851B1-466A-4479-97AA-A55BD492C13C}.Release|Any CPU.ActiveCfg = Release|iPhoneSimulator
		{309851B1-466A-4479-97AA-A55BD492C13C}.Release|Any CPU.Build.0 = Release|iPhoneSimulator
		{309851B1-466A-4479-97AA-A55BD492C13C}.Release|Any CPU.Deploy.0 = Release|iPhoneSimulator
		{309851B1-466A-4479-97AA-A55BD492C13C}.Release|iPhone.ActiveCfg = Release|iPhone
		{309851B1-466A-4479-97AA-A55BD492C13C}.Release|iPhone.Build.0 = Release|iPhone
		{309851B1-466A-4479-97AA-A55BD492C13C}.Release|iPhone.Deploy.0 = Release|iPhone
		{309851B1-466A-4479-97AA-A55BD492C13C}.Release|iPhoneSimulator.ActiveCfg = Release|iPhoneSimulator
		{309851B1-466A-4479-97AA-A55BD492C13C}.Release|iPhoneSimulator.Build.0 = Release|iPhoneSimulator
		{309851B1-466A-4479-97AA-A55BD492C13C}.Release|iPhoneSimulator.Deploy.0 = Release|iPhoneSimulator
		{D903A635-DA9E-415B-A5E5-E3D396E7B6B8}.Debug|Any CPU.ActiveCfg = Debug|Any CPU
		{D903A635-DA9E-415B-A5E5-E3D396E7B6B8}.Debug|Any CPU.Build.0 = Debug|Any CPU
		{D903A635-DA9E-415B-A5E5-E3D396E7B6B8}.Debug|Any CPU.Deploy.0 = Debug|Any CPU
		{D903A635-DA9E-415B-A5E5-E3D396E7B6B8}.Debug|iPhone.ActiveCfg = Debug|Any CPU
		{D903A635-DA9E-415B-A5E5-E3D396E7B6B8}.Debug|iPhone.Build.0 = Debug|Any CPU
		{D903A635-DA9E-415B-A5E5-E3D396E7B6B8}.Debug|iPhone.Deploy.0 = Debug|Any CPU
		{D903A635-DA9E-415B-A5E5-E3D396E7B6B8}.Debug|iPhoneSimulator.ActiveCfg = Debug|Any CPU
		{D903A635-DA9E-415B-A5E5-E3D396E7B6B8}.Debug|iPhoneSimulator.Build.0 = Debug|Any CPU
		{D903A635-DA9E-415B-A5E5-E3D396E7B6B8}.Debug|iPhoneSimulator.Deploy.0 = Debug|Any CPU
		{D903A635-DA9E-415B-A5E5-E3D396E7B6B8}.Release|Any CPU.ActiveCfg = Release|Any CPU
		{D903A635-DA9E-415B-A5E5-E3D396E7B6B8}.Release|Any CPU.Build.0 = Release|Any CPU
		{D903A635-DA9E-415B-A5E5-E3D396E7B6B8}.Release|Any CPU.Deploy.0 = Release|Any CPU
		{D903A635-DA9E-415B-A5E5-E3D396E7B6B8}.Release|iPhone.ActiveCfg = Release|Any CPU
		{D903A635-DA9E-415B-A5E5-E3D396E7B6B8}.Release|iPhone.Build.0 = Release|Any CPU
		{D903A635-DA9E-415B-A5E5-E3D396E7B6B8}.Release|iPhone.Deploy.0 = Release|Any CPU
		{D903A635-DA9E-415B-A5E5-E3D396E7B6B8}.Release|iPhoneSimulator.ActiveCfg = Release|Any CPU
		{D903A635-DA9E-415B-A5E5-E3D396E7B6B8}.Release|iPhoneSimulator.Build.0 = Release|Any CPU
		{D903A635-DA9E-415B-A5E5-E3D396E7B6B8}.Release|iPhoneSimulator.Deploy.0 = Release|Any CPU
	EndGlobalSection
	GlobalSection(SolutionProperties) = preSolution
		HideSolutionNode = FALSE
	EndGlobalSection
	GlobalSection(ExtensibilityGlobals) = postSolution
		SolutionGuid = {25D8A220-CC5F-4AC7-BA60-5C571CB58972}
	EndGlobalSection
EndGlobal
